// !$*UTF8*$!
{
	archiveVersion = 1;
	classes = {
	};
	objectVersion = 46;
	objects = {

/* Begin PBXBuildFile section */
		04E00DA01C77E62F005420D4 /* condition.mm in Sources */ = {isa = PBXBuildFile; fileRef = 04E00D9B1C77E62F005420D4 /* condition.mm */; };
		04E00DA11C77E62F005420D4 /* main.mm in Sources */ = {isa = PBXBuildFile; fileRef = 04E00D9D1C77E62F005420D4 /* main.mm */; };
		04E00DA21C77E62F005420D4 /* pthreadpool.mm in Sources */ = {isa = PBXBuildFile; fileRef = 04E00D9E1C77E62F005420D4 /* pthreadpool.mm */; };
/* End PBXBuildFile section */

/* Begin PBXCopyFilesBuildPhase section */
		047112CE1C77441B002D7C69 /* CopyFiles */ = {
			isa = PBXCopyFilesBuildPhase;
			buildActionMask = 2147483647;
			dstPath = /usr/share/man/man1/;
			dstSubfolderSpec = 0;
			files = (
			);
			runOnlyForDeploymentPostprocessing = 1;
		};
/* End PBXCopyFilesBuildPhase section */

/* Begin PBXFileReference section */
		047112D01C77441B002D7C69 /* zhizhigit */ = {isa = PBXFileReference; explicitFileType = "compiled.mach-o.executable"; includeInIndex = 0; path = zhizhigit; sourceTree = BUILT_PRODUCTS_DIR; };
		04E00D9B1C77E62F005420D4 /* condition.mm */ = {isa = PBXFileReference; fileEncoding = 4; lastKnownFileType = sourcecode.cpp.objcpp; path = condition.mm; sourceTree = "<group>"; };
		04E00D9C1C77E62F005420D4 /* condition.h */ = {isa = PBXFileReference; fileEncoding = 4; lastKnownFileType = sourcecode.c.h; path = condition.h; sourceTree = "<group>"; };
		04E00D9D1C77E62F005420D4 /* main.mm */ = {isa = PBXFileReference; fileEncoding = 4; lastKnownFileType = sourcecode.cpp.objcpp; path = main.mm; sourceTree = "<group>"; };
		04E00D9E1C77E62F005420D4 /* pthreadpool.mm */ = {isa = PBXFileReference; fileEncoding = 4; lastKnownFileType = sourcecode.cpp.objcpp; path = pthreadpool.mm; sourceTree = "<group>"; };
		04E00D9F1C77E62F005420D4 /* pthreadpool.h */ = {isa = PBXFileReference; fileEncoding = 4; lastKnownFileType = sourcecode.c.h; path = pthreadpool.h; sourceTree = "<group>"; };
/* End PBXFileReference section */

/* Begin PBXFrameworksBuildPhase section */
		047112CD1C77441B002D7C69 /* Frameworks */ = {
			isa = PBXFrameworksBuildPhase;
			buildActionMask = 2147483647;
			files = (
			);
			runOnlyForDeploymentPostprocessing = 0;
		};
/* End PBXFrameworksBuildPhase section */

/* Begin PBXGroup section */
		047112C71C77441B002D7C69 = {
			isa = PBXGroup;
			children = (
				047112D21C77441B002D7C69 /* zhizhigit */,
				047112D11C77441B002D7C69 /* Products */,
			);
			sourceTree = "<group>";
		};
		047112D11C77441B002D7C69 /* Products */ = {
			isa = PBXGroup;
			children = (
				047112D01C77441B002D7C69 /* zhizhigit */,
			);
			name = Products;
			sourceTree = "<group>";
		};
		047112D21C77441B002D7C69 /* zhizhigit */ = {
			isa = PBXGroup;
			children = (
				04E00D9B1C77E62F005420D4 /* condition.mm */,
				04E00D9C1C77E62F005420D4 /* condition.h */,
				04E00D9D1C77E62F005420D4 /* main.mm */,
				04E00D9E1C77E62F005420D4 /* pthreadpool.mm */,
				04E00D9F1C77E62F005420D4 /* pthreadpool.h */,
			);
			path = zhizhigit;
			sourceTree = "<group>";
		};
/* End PBXGroup section */

/* Begin PBXNativeTarget section */
		047112CF1C77441B002D7C69 /* zhizhigit */ = {
			isa = PBXNativeTarget;
			buildConfigurationList = 047112D71C77441B002D7C69 /* Build configuration list for PBXNativeTarget "zhizhigit" */;
			buildPhases = (
				047112CC1C77441B002D7C69 /* Sources */,
				047112CD1C77441B002D7C69 /* Frameworks */,
				047112CE1C77441B002D7C69 /* CopyFiles */,
			);
			buildRules = (
			);
			dependencies = (
			);
			name = zhizhigit;
			productName = zhizhigit;
			productReference = 047112D01C77441B002D7C69 /* zhizhigit */;
			productType = "com.apple.product-type.tool";
		};
/* End PBXNativeTarget section */

/* Begin PBXProject section */
		047112C81C77441B002D7C69 /* Project object */ = {
			isa = PBXProject;
			attributes = {
				LastUpgradeCheck = 0710;
				ORGANIZATIONNAME = mac;
				TargetAttributes = {
					047112CF1C77441B002D7C69 = {
						CreatedOnToolsVersion = 7.1.1;
					};
				};
			};
			buildConfigurationList = 047112CB1C77441B002D7C69 /* Build configuration list for PBXProject "zhizhigit" */;
			compatibilityVersion = "Xcode 3.2";
			developmentRegion = English;
			hasScannedForEncodings = 0;
			knownRegions = (
				en,
			);
			mainGroup = 047112C71C77441B002D7C69;
			productRefGroup = 047112D11C77441B002D7C69 /* Products */;
			projectDirPath = "";
			projectRoot = "";
			targets = (
				047112CF1C77441B002D7C69 /* zhizhigit */,
			);
		};
/* End PBXProject section */

/* Begin PBXSourcesBuildPhase section */
		047112CC1C77441B002D7C69 /* Sources */ = {
			isa = PBXSourcesBuildPhase;
			buildActionMask = 2147483647;
			files = (
				04E00DA01C77E62F005420D4 /* condition.mm in Sources */,
				04E00DA21C77E62F005420D4 /* pthreadpool.mm in Sources */,
				04E00DA11C77E62F005420D4 /* main.mm in Sources */,
			);
			runOnlyForDeploymentPostprocessing = 0;
		};
/* End PBXSourcesBuildPhase section */

/* Begin XCBuildConfiguration section */
		047112D51C77441B002D7C69 /* Debug */ = {
			isa = XCBuildConfiguration;
			buildSettings = {
				ALWAYS_SEARCH_USER_PATHS = NO;
				CLANG_CXX_LANGUAGE_STANDARD = "gnu++0x";
				CLANG_CXX_LIBRARY = "libc++";
				CLANG_ENABLE_MODULES = YES;
				CLANG_ENABLE_OBJC_ARC = YES;
				CLANG_WARN_BOOL_CONVERSION = YES;
				CLANG_WARN_CONSTANT_CONVERSION = YES;
				CLANG_WARN_DIRECT_OBJC_ISA_USAGE = YES_ERROR;
				CLANG_WARN_EMPTY_BODY = YES;
				CLANG_WARN_ENUM_CONVERSION = YES;
				CLANG_WARN_INT_CONVERSION = YES;
				CLANG_WARN_OBJC_ROOT_CLASS = YES_ERROR;
				CLANG_WARN_UNREACHABLE_CODE = YES;
				CLANG_WARN__DUPLICATE_METHOD_MATCH = YES;
				CODE_SIGN_IDENTITY = "-";
				COPY_PHASE_STRIP = NO;
				DEBUG_INFORMATION_FORMAT = dwarf;
				ENABLE_STRICT_OBJC_MSGSEND = YES;
				ENABLE_TESTABILITY = YES;
				GCC_C_LANGUAGE_STANDARD = gnu99;
				GCC_DYNAMIC_NO_PIC = NO;
				GCC_NO_COMMON_BLOCKS = YES;
				GCC_OPTIMIZATION_LEVEL = 0;
				GCC_PREPROCESSOR_DEFINITIONS = (
					"DEBUG=1",
					"$(inherited)",
				);
				GCC_WARN_64_TO_32_BIT_CONVERSION = YES;
				GCC_WARN_ABOUT_RETURN_TYPE = YES_ERROR;
				GCC_WARN_UNDECLARED_SELECTOR = YES;
				GCC_WARN_UNINITIALIZED_AUTOS = YES_AGGRESSIVE;
				GCC_WARN_UNUSED_FUNCTION = YES;
				GCC_WARN_UNUSED_VARIABLE = YES;
				MACOSX_DEPLOYMENT_TARGET = 10.10;
				MTL_ENABLE_DEBUG_INFO = YES;
				ONLY_ACTIVE_ARCH = YES;
				SDKROOT = macosx;
			};
			name = Debug;
		};
		047112D61C77441B002D7C69 /* Release */ = {
			isa = XCBuildConfiguration;
			buildSettings = {
				ALWAYS_SEARCH_USER_PATHS = NO;
				CLANG_CXX_LANGUAGE_STANDARD = "gnu++0x";
				CLANG_CXX_LIBRARY = "libc++";
				CLANG_ENABLE_MODULES = YES;
				CLANG_ENABLE_OBJC_ARC = YES;
				CLANG_WARN_BOOL_CONVERSION = YES;
				CLANG_WARN_CONSTANT_CONVERSION = YES;
				CLANG_WARN_DIRECT_OBJC_ISA_USAGE = YES_ERROR;
				CLANG_WARN_EMPTY_BODY = YES;
				CLANG_WARN_ENUM_CONVERSION = YES;
				CLANG_WARN_INT_CONVERSION = YES;
				CLANG_WARN_OBJC_ROOT_CLASS = YES_ERROR;
				CLANG_WARN_UNREACHABLE_CODE = YES;
				CLANG_WARN__DUPLICATE_METHOD_MATCH = YES;
				CODE_SIGN_IDENTITY = "-";
				COPY_PHASE_STRIP = NO;
				DEBUG_INFORMATION_FORMAT = "dwarf-with-dsym";
				ENABLE_NS_ASSERTIONS = NO;
				ENABLE_STRICT_OBJC_MSGSEND = YES;
				GCC_C_LANGUAGE_STANDARD = gnu99;
				GCC_NO_COMMON_BLOCKS = YES;
				GCC_WARN_64_TO_32_BIT_CONVERSION = YES;
				GCC_WARN_ABOUT_RETURN_TYPE = YES_ERROR;
				GCC_WARN_UNDECLARED_SELECTOR = YES;
				GCC_WARN_UNINITIALIZED_AUTOS = YES_AGGRESSIVE;
				GCC_WARN_UNUSED_FUNCTION = YES;
				GCC_WARN_UNUSED_VARIABLE = YES;
				MACOSX_DEPLOYMENT_TARGET = 10.10;
				MTL_ENABLE_DEBUG_INFO = NO;
				SDKROOT = macosx;
			};
			name = Release;
		};
		047112D81C77441B002D7C69 /* Debug */ = {
			isa = XCBuildConfiguration;
			buildSettings = {
				PRODUCT_NAME = "$(TARGET_NAME)";
			};
			name = Debug;
		};
		047112D91C77441B002D7C69 /* Release */ = {
			isa = XCBuildConfiguration;
			buildSettings = {
				PRODUCT_NAME = "$(TARGET_NAME)";
			};
			name = Release;
		};
/* End XCBuildConfiguration section */

/* Begin XCConfigurationList section */
		047112CB1C77441B002D7C69 /* Build configuration list for PBXProject "zhizhigit" */ = {
			isa = XCConfigurationList;
			buildConfigurations = (
				047112D51C77441B002D7C69 /* Debug */,
				047112D61C77441B002D7C69 /* Release */,
			);
			defaultConfigurationIsVisible = 0;
			defaultConfigurationName = Release;
		};
		047112D71C77441B002D7C69 /* Build configuration list for PBXNativeTarget "zhizhigit" */ = {
			isa = XCConfigurationList;
			buildConfigurations = (
				047112D81C77441B002D7C69 /* Debug */,
				047112D91C77441B002D7C69 /* Release */,
			);
			defaultConfigurationIsVisible = 0;
			defaultConfigurationName = Release;
		};
/* End XCConfigurationList section */
	};
	rootObject = 047112C81C77441B002D7C69 /* Project object */;
}
